
Microsoft Visual Studio Solution File, Format Version 12.00
# Visual Studio 15
VisualStudioVersion = 15.0.28307.329
MinimumVisualStudioVersion = 10.0.40219.1
Project("{FAE04EC0-301F-11D3-BF4B-00C04F79EFBC}") = "Lab1.Android", "Lab1\Lab1.Android\Lab1.Android.csproj", "{CA973106-4BA3-4828-BF78-888EC0CBAA5B}"
EndProject
Project("{FAE04EC0-301F-11D3-BF4B-00C04F79EFBC}") = "Lab1.iOS", "Lab1\Lab1.iOS\Lab1.iOS.csproj", "{80F4919C-6E48-4FB4-B5D5-24D41D78E690}"
EndProject
Project("{FAE04EC0-301F-11D3-BF4B-00C04F79EFBC}") = "Lab1", "Lab1\Lab1\Lab1.csproj", "{C61467E4-8ABE-4460-9BD2-3D054FDF1038}"
EndProject
Global
	GlobalSection(SolutionConfigurationPlatforms) = preSolution
		Ad-Hoc|Any CPU = Ad-Hoc|Any CPU
		Ad-Hoc|iPhone = Ad-Hoc|iPhone
		Ad-Hoc|iPhoneSimulator = Ad-Hoc|iPhoneSimulator
		AppStore|Any CPU = AppStore|Any CPU
		AppStore|iPhone = AppStore|iPhone
		AppStore|iPhoneSimulator = AppStore|iPhoneSimulator
		Debug|Any CPU = Debug|Any CPU
		Debug|iPhone = Debug|iPhone
		Debug|iPhoneSimulator = Debug|iPhoneSimulator
		Release|Any CPU = Release|Any CPU
		Release|iPhone = Release|iPhone
		Release|iPhoneSimulator = Release|iPhoneSimulator
	EndGlobalSection
	GlobalSection(ProjectConfigurationPlatforms) = postSolution
		{CA973106-4BA3-4828-BF78-888EC0CBAA5B}.Ad-Hoc|Any CPU.ActiveCfg = Release|Any CPU
		{CA973106-4BA3-4828-BF78-888EC0CBAA5B}.Ad-Hoc|Any CPU.Build.0 = Release|Any CPU
		{CA973106-4BA3-4828-BF78-888EC0CBAA5B}.Ad-Hoc|Any CPU.Deploy.0 = Release|Any CPU
		{CA973106-4BA3-4828-BF78-888EC0CBAA5B}.Ad-Hoc|iPhone.ActiveCfg = Release|Any CPU
		{CA973106-4BA3-4828-BF78-888EC0CBAA5B}.Ad-Hoc|iPhone.Build.0 = Release|Any CPU
		{CA973106-4BA3-4828-BF78-888EC0CBAA5B}.Ad-Hoc|iPhone.Deploy.0 = Release|Any CPU
		{CA973106-4BA3-4828-BF78-888EC0CBAA5B}.Ad-Hoc|iPhoneSimulator.ActiveCfg = Release|Any CPU
		{CA973106-4BA3-4828-BF78-888EC0CBAA5B}.Ad-Hoc|iPhoneSimulator.Build.0 = Release|Any CPU
		{CA973106-4BA3-4828-BF78-888EC0CBAA5B}.Ad-Hoc|iPhoneSimulator.Deploy.0 = Release|Any CPU
		{CA973106-4BA3-4828-BF78-888EC0CBAA5B}.AppStore|Any CPU.ActiveCfg = Release|Any CPU
		{CA973106-4BA3-4828-BF78-888EC0CBAA5B}.AppStore|Any CPU.Build.0 = Release|Any CPU
		{CA973106-4BA3-4828-BF78-888EC0CBAA5B}.AppStore|Any CPU.Deploy.0 = Release|Any CPU
		{CA973106-4BA3-4828-BF78-888EC0CBAA5B}.AppStore|iPhone.ActiveCfg = Release|Any CPU
		{CA973106-4BA3-4828-BF78-888EC0CBAA5B}.AppStore|iPhone.Build.0 = Release|Any CPU
		{CA973106-4BA3-4828-BF78-888EC0CBAA5B}.AppStore|iPhone.Deploy.0 = Release|Any CPU
		{CA973106-4BA3-4828-BF78-888EC0CBAA5B}.AppStore|iPhoneSimulator.ActiveCfg = Release|Any CPU
		{CA973106-4BA3-4828-BF78-888EC0CBAA5B}.AppStore|iPhoneSimulator.Build.0 = Release|Any CPU
		{CA973106-4BA3-4828-BF78-888EC0CBAA5B}.AppStore|iPhoneSimulator.Deploy.0 = Release|Any CPU
		{CA973106-4BA3-4828-BF78-888EC0CBAA5B}.Debug|Any CPU.ActiveCfg = Debug|Any CPU
		{CA973106-4BA3-4828-BF78-888EC0CBAA5B}.Debug|Any CPU.Build.0 = Debug|Any CPU
		{CA973106-4BA3-4828-BF78-888EC0CBAA5B}.Debug|Any CPU.Deploy.0 = Debug|Any CPU
		{CA973106-4BA3-4828-BF78-888EC0CBAA5B}.Debug|iPhone.ActiveCfg = Debug|Any CPU
		{CA973106-4BA3-4828-BF78-888EC0CBAA5B}.Debug|iPhone.Build.0 = Debug|Any CPU
		{CA973106-4BA3-4828-BF78-888EC0CBAA5B}.Debug|iPhone.Deploy.0 = Debug|Any CPU
		{CA973106-4BA3-4828-BF78-888EC0CBAA5B}.Debug|iPhoneSimulator.ActiveCfg = Debug|Any CPU
		{CA973106-4BA3-4828-BF78-888EC0CBAA5B}.Debug|iPhoneSimulator.Build.0 = Debug|Any CPU
		{CA973106-4BA3-4828-BF78-888EC0CBAA5B}.Debug|iPhoneSimulator.Deploy.0 = Debug|Any CPU
		{CA973106-4BA3-4828-BF78-888EC0CBAA5B}.Release|Any CPU.ActiveCfg = Release|Any CPU
		{CA973106-4BA3-4828-BF78-888EC0CBAA5B}.Release|Any CPU.Build.0 = Release|Any CPU
		{CA973106-4BA3-4828-BF78-888EC0CBAA5B}.Release|Any CPU.Deploy.0 = Release|Any CPU
		{CA973106-4BA3-4828-BF78-888EC0CBAA5B}.Release|iPhone.ActiveCfg = Release|Any CPU
		{CA973106-4BA3-4828-BF78-888EC0CBAA5B}.Release|iPhone.Build.0 = Release|Any CPU
		{CA973106-4BA3-4828-BF78-888EC0CBAA5B}.Release|iPhone.Deploy.0 = Release|Any CPU
		{CA973106-4BA3-4828-BF78-888EC0CBAA5B}.Release|iPhoneSimulator.ActiveCfg = Release|Any CPU
		{CA973106-4BA3-4828-BF78-888EC0CBAA5B}.Release|iPhoneSimulator.Build.0 = Release|Any CPU
		{CA973106-4BA3-4828-BF78-888EC0CBAA5B}.Release|iPhoneSimulator.Deploy.0 = Release|Any CPU
		{80F4919C-6E48-4FB4-B5D5-24D41D78E690}.Ad-Hoc|Any CPU.ActiveCfg = Ad-Hoc|iPhone
		{80F4919C-6E48-4FB4-B5D5-24D41D78E690}.Ad-Hoc|Any CPU.Build.0 = Ad-Hoc|iPhone
		{80F4919C-6E48-4FB4-B5D5-24D41D78E690}.Ad-Hoc|Any CPU.Deploy.0 = Ad-Hoc|iPhone
		{80F4919C-6E48-4FB4-B5D5-24D41D78E690}.Ad-Hoc|iPhone.ActiveCfg = Ad-Hoc|iPhone
		{80F4919C-6E48-4FB4-B5D5-24D41D78E690}.Ad-Hoc|iPhone.Build.0 = Ad-Hoc|iPhone
		{80F4919C-6E48-4FB4-B5D5-24D41D78E690}.Ad-Hoc|iPhone.Deploy.0 = Ad-Hoc|iPhone
		{80F4919C-6E48-4FB4-B5D5-24D41D78E690}.Ad-Hoc|iPhoneSimulator.ActiveCfg = Ad-Hoc|iPhoneSimulator
		{80F4919C-6E48-4FB4-B5D5-24D41D78E690}.Ad-Hoc|iPhoneSimulator.Build.0 = Ad-Hoc|iPhoneSimulator
		{80F4919C-6E48-4FB4-B5D5-24D41D78E690}.Ad-Hoc|iPhoneSimulator.Deploy.0 = Ad-Hoc|iPhoneSimulator
		{80F4919C-6E48-4FB4-B5D5-24D41D78E690}.AppStore|Any CPU.ActiveCfg = AppStore|iPhone
		{80F4919C-6E48-4FB4-B5D5-24D41D78E690}.AppStore|Any CPU.Build.0 = AppStore|iPhone
		{80F4919C-6E48-4FB4-B5D5-24D41D78E690}.AppStore|Any CPU.Deploy.0 = AppStore|iPhone
		{80F4919C-6E48-4FB4-B5D5-24D41D78E690}.AppStore|iPhone.ActiveCfg = AppStore|iPhone
		{80F4919C-6E48-4FB4-B5D5-24D41D78E690}.AppStore|iPhone.Build.0 = AppStore|iPhone
		{80F4919C-6E48-4FB4-B5D5-24D41D78E690}.AppStore|iPhone.Deploy.0 = AppStore|iPhone
		{80F4919C-6E48-4FB4-B5D5-24D41D78E690}.AppStore|iPhoneSimulator.ActiveCfg = AppStore|iPhoneSimulator
		{80F4919C-6E48-4FB4-B5D5-24D41D78E690}.AppStore|iPhoneSimulator.Build.0 = AppStore|iPhoneSimulator
		{80F4919C-6E48-4FB4-B5D5-24D41D78E690}.AppStore|iPhoneSimulator.Deploy.0 = AppStore|iPhoneSimulator
		{80F4919C-6E48-4FB4-B5D5-24D41D78E690}.Debug|Any CPU.ActiveCfg = Debug|iPhoneSimulator
		{80F4919C-6E48-4FB4-B5D5-24D41D78E690}.Debug|Any CPU.Build.0 = Debug|iPhoneSimulator
		{80F4919C-6E48-4FB4-B5D5-24D41D78E690}.Debug|Any CPU.Deploy.0 = Debug|iPhoneSimulator
		{80F4919C-6E48-4FB4-B5D5-24D41D78E690}.Debug|iPhone.ActiveCfg = Debug|iPhone
		{80F4919C-6E48-4FB4-B5D5-24D41D78E690}.Debug|iPhone.Build.0 = Debug|iPhone
		{80F4919C-6E48-4FB4-B5D5-24D41D78E690}.Debug|iPhone.Deploy.0 = Debug|iPhone
		{80F4919C-6E48-4FB4-B5D5-24D41D78E690}.Debug|iPhoneSimulator.ActiveCfg = Debug|iPhoneSimulator
		{80F4919C-6E48-4FB4-B5D5-24D41D78E690}.Debug|iPhoneSimulator.Build.0 = Debug|iPhoneSimulator
		{80F4919C-6E48-4FB4-B5D5-24D41D78E690}.Debug|iPhoneSimulator.Deploy.0 = Debug|iPhoneSimulator
		{80F4919C-6E48-4FB4-B5D5-24D41D78E690}.Release|Any CPU.ActiveCfg = Release|iPhone
		{80F4919C-6E48-4FB4-B5D5-24D41D78E690}.Release|Any CPU.Build.0 = Release|iPhone
		{80F4919C-6E48-4FB4-B5D5-24D41D78E690}.Release|Any CPU.Deploy.0 = Release|iPhone
		{80F4919C-6E48-4FB4-B5D5-24D41D78E690}.Release|iPhone.ActiveCfg = Release|iPhone
		{80F4919C-6E48-4FB4-B5D5-24D41D78E690}.Release|iPhone.Build.0 = Release|iPhone
		{80F4919C-6E48-4FB4-B5D5-24D41D78E690}.Release|iPhone.Deploy.0 = Release|iPhone
		{80F4919C-6E48-4FB4-B5D5-24D41D78E690}.Release|iPhoneSimulator.ActiveCfg = Release|iPhoneSimulator
		{80F4919C-6E48-4FB4-B5D5-24D41D78E690}.Release|iPhoneSimulator.Build.0 = Release|iPhoneSimulator
		{80F4919C-6E48-4FB4-B5D5-24D41D78E690}.Release|iPhoneSimulator.Deploy.0 = Release|iPhoneSimulator
		{C61467E4-8ABE-4460-9BD2-3D054FDF1038}.Ad-Hoc|Any CPU.ActiveCfg = Debug|Any CPU
		{C61467E4-8ABE-4460-9BD2-3D054FDF1038}.Ad-Hoc|Any CPU.Build.0 = Debug|Any CPU
		{C61467E4-8ABE-4460-9BD2-3D054FDF1038}.Ad-Hoc|Any CPU.Deploy.0 = Debug|Any CPU
		{C61467E4-8ABE-4460-9BD2-3D054FDF1038}.Ad-Hoc|iPhone.ActiveCfg = Debug|Any CPU
		{C61467E4-8ABE-4460-9BD2-3D054FDF1038}.Ad-Hoc|iPhone.Build.0 = Debug|Any CPU
		{C61467E4-8ABE-4460-9BD2-3D054FDF1038}.Ad-Hoc|iPhone.Deploy.0 = Debug|Any CPU
		{C61467E4-8ABE-4460-9BD2-3D054FDF1038}.Ad-Hoc|iPhoneSimulator.ActiveCfg = Debug|Any CPU
		{C61467E4-8ABE-4460-9BD2-3D054FDF1038}.Ad-Hoc|iPhoneSimulator.Build.0 = Debug|Any CPU
		{C61467E4-8ABE-4460-9BD2-3D054FDF1038}.Ad-Hoc|iPhoneSimulator.Deploy.0 = Debug|Any CPU
		{C61467E4-8ABE-4460-9BD2-3D054FDF1038}.AppStore|Any CPU.ActiveCfg = Debug|Any CPU
		{C61467E4-8ABE-4460-9BD2-3D054FDF1038}.AppStore|Any CPU.Build.0 = Debug|Any CPU
		{C61467E4-8ABE-4460-9BD2-3D054FDF1038}.AppStore|Any CPU.Deploy.0 = Debug|Any CPU
		{C61467E4-8ABE-4460-9BD2-3D054FDF1038}.AppStore|iPhone.ActiveCfg = Debug|Any CPU
		{C61467E4-8ABE-4460-9BD2-3D054FDF1038}.AppStore|iPhone.Build.0 = Debug|Any CPU
		{C61467E4-8ABE-4460-9BD2-3D054FDF1038}.AppStore|iPhone.Deploy.0 = Debug|Any CPU
		{C61467E4-8ABE-4460-9BD2-3D054FDF1038}.AppStore|iPhoneSimulator.ActiveCfg = Debug|Any CPU
		{C61467E4-8ABE-4460-9BD2-3D054FDF1038}.AppStore|iPhoneSimulator.Build.0 = Debug|Any CPU
		{C61467E4-8ABE-4460-9BD2-3D054FDF1038}.AppStore|iPhoneSimulator.Deploy.0 = Debug|Any CPU
		{C61467E4-8ABE-4460-9BD2-3D054FDF1038}.Debug|Any CPU.ActiveCfg = Debug|Any CPU
		{C61467E4-8ABE-4460-9BD2-3D054FDF1038}.Debug|Any CPU.Build.0 = Debug|Any CPU
		{C61467E4-8ABE-4460-9BD2-3D054FDF1038}.Debug|Any CPU.Deploy.0 = Debug|Any CPU
		{C61467E4-8ABE-4460-9BD2-3D054FDF1038}.Debug|iPhone.ActiveCfg = Debug|Any CPU
		{C61467E4-8ABE-4460-9BD2-3D054FDF1038}.Debug|iPhone.Build.0 = Debug|Any CPU
		{C61467E4-8ABE-4460-9BD2-3D054FDF1038}.Debug|iPhone.Deploy.0 = Debug|Any CPU
		{C61467E4-8ABE-4460-9BD2-3D054FDF1038}.Debug|iPhoneSimulator.ActiveCfg = Debug|Any CPU
		{C61467E4-8ABE-4460-9BD2-3D054FDF1038}.Debug|iPhoneSimulator.Build.0 = Debug|Any CPU
		{C61467E4-8ABE-4460-9BD2-3D054FDF1038}.Debug|iPhoneSimulator.Deploy.0 = Debug|Any CPU
		{C61467E4-8ABE-4460-9BD2-3D054FDF1038}.Release|Any CPU.ActiveCfg = Release|Any CPU
		{C61467E4-8ABE-4460-9BD2-3D054FDF1038}.Release|Any CPU.Build.0 = Release|Any CPU
		{C61467E4-8ABE-4460-9BD2-3D054FDF1038}.Release|Any CPU.Deploy.0 = Release|Any CPU
		{C61467E4-8ABE-4460-9BD2-3D054FDF1038}.Release|iPhone.ActiveCfg = Release|Any CPU
		{C61467E4-8ABE-4460-9BD2-3D054FDF1038}.Release|iPhone.Build.0 = Release|Any CPU
		{C61467E4-8ABE-4460-9BD2-3D054FDF1038}.Release|iPhone.Deploy.0 = Release|Any CPU
		{C61467E4-8ABE-4460-9BD2-3D054FDF1038}.Release|iPhoneSimulator.ActiveCfg = Release|Any CPU
		{C61467E4-8ABE-4460-9BD2-3D054FDF1038}.Release|iPhoneSimulator.Build.0 = Release|Any CPU
		{C61467E4-8ABE-4460-9BD2-3D054FDF1038}.Release|iPhoneSimulator.Deploy.0 = Release|Any CPU
	EndGlobalSection
	GlobalSection(SolutionProperties) = preSolution
		HideSolutionNode = FALSE
	EndGlobalSection
	GlobalSection(ExtensibilityGlobals) = postSolution
		SolutionGuid = {85663E86-400E-42BE-BC85-D82475EA765C}
	EndGlobalSection
EndGlobal
